// !$*UTF8*$!
{
	archiveVersion = 1;
	classes = {
	};
	objectVersion = 48;
	objects = {

/* Begin PBXBuildFile section */
		446A328A208CC28300689A4D /* AppDelegate.swift in Sources */ = {isa = PBXBuildFile; fileRef = 446A3289208CC28300689A4D /* AppDelegate.swift */; };
		446A328C208CC28300689A4D /* ViewController.swift in Sources */ = {isa = PBXBuildFile; fileRef = 446A328B208CC28300689A4D /* ViewController.swift */; };
		446A328F208CC28300689A4D /* Main.storyboard in Resources */ = {isa = PBXBuildFile; fileRef = 446A328D208CC28300689A4D /* Main.storyboard */; };
		446A3291208CC28300689A4D /* Assets.xcassets in Resources */ = {isa = PBXBuildFile; fileRef = 446A3290208CC28300689A4D /* Assets.xcassets */; };
		446A3294208CC28300689A4D /* LaunchScreen.storyboard in Resources */ = {isa = PBXBuildFile; fileRef = 446A3292208CC28300689A4D /* LaunchScreen.storyboard */; };
		E65CC75E053B2A18E5D130C6 /* Pods_InstaSearch.framework in Frameworks */ = {isa = PBXBuildFile; fileRef = 6941DF7069476B5214D1B3EE /* Pods_InstaSearch.framework */; };
/* End PBXBuildFile section */

/* Begin PBXFileReference section */
		446A3286208CC28300689A4D /* InstaSearch.app */ = {isa = PBXFileReference; explicitFileType = wrapper.application; includeInIndex = 0; path = InstaSearch.app; sourceTree = BUILT_PRODUCTS_DIR; };
		446A3289208CC28300689A4D /* AppDelegate.swift */ = {isa = PBXFileReference; lastKnownFileType = sourcecode.swift; path = AppDelegate.swift; sourceTree = "<group>"; };
		446A328B208CC28300689A4D /* ViewController.swift */ = {isa = PBXFileReference; lastKnownFileType = sourcecode.swift; path = ViewController.swift; sourceTree = "<group>"; };
		446A328E208CC28300689A4D /* Base */ = {isa = PBXFileReference; lastKnownFileType = file.storyboard; name = Base; path = Base.lproj/Main.storyboard; sourceTree = "<group>"; };
		446A3290208CC28300689A4D /* Assets.xcassets */ = {isa = PBXFileReference; lastKnownFileType = folder.assetcatalog; path = Assets.xcassets; sourceTree = "<group>"; };
		446A3293208CC28300689A4D /* Base */ = {isa = PBXFileReference; lastKnownFileType = file.storyboard; name = Base; path = Base.lproj/LaunchScreen.storyboard; sourceTree = "<group>"; };
		446A3295208CC28300689A4D /* Info.plist */ = {isa = PBXFileReference; lastKnownFileType = text.plist.xml; path = Info.plist; sourceTree = "<group>"; };
		6941DF7069476B5214D1B3EE /* Pods_InstaSearch.framework */ = {isa = PBXFileReference; explicitFileType = wrapper.framework; includeInIndex = 0; path = Pods_InstaSearch.framework; sourceTree = BUILT_PRODUCTS_DIR; };
		BB94D3E03D45A8CCE409FB96 /* Pods-InstaSearch.release.xcconfig */ = {isa = PBXFileReference; includeInIndex = 1; lastKnownFileType = text.xcconfig; name = "Pods-InstaSearch.release.xcconfig"; path = "Pods/Target Support Files/Pods-InstaSearch/Pods-InstaSearch.release.xcconfig"; sourceTree = "<group>"; };
		EE45A3DF6EBE6A962AD169B5 /* Pods-InstaSearch.debug.xcconfig */ = {isa = PBXFileReference; includeInIndex = 1; lastKnownFileType = text.xcconfig; name = "Pods-InstaSearch.debug.xcconfig"; path = "Pods/Target Support Files/Pods-InstaSearch/Pods-InstaSearch.debug.xcconfig"; sourceTree = "<group>"; };
/* End PBXFileReference section */

/* Begin PBXFrameworksBuildPhase section */
		446A3283208CC28300689A4D /* Frameworks */ = {
			isa = PBXFrameworksBuildPhase;
			buildActionMask = 2147483647;
			files = (
				E65CC75E053B2A18E5D130C6 /* Pods_InstaSearch.framework in Frameworks */,
			);
			runOnlyForDeploymentPostprocessing = 0;
		};
/* End PBXFrameworksBuildPhase section */

/* Begin PBXGroup section */
		2CB04A51CED069BC95C9599B /* Frameworks */ = {
			isa = PBXGroup;
			children = (
				6941DF7069476B5214D1B3EE /* Pods_InstaSearch.framework */,
			);
			name = Frameworks;
			sourceTree = "<group>";
		};
		34C2297DA5D6338378A02C87 /* Pods */ = {
			isa = PBXGroup;
			children = (
				EE45A3DF6EBE6A962AD169B5 /* Pods-InstaSearch.debug.xcconfig */,
				BB94D3E03D45A8CCE409FB96 /* Pods-InstaSearch.release.xcconfig */,
			);
			name = Pods;
			sourceTree = "<group>";
		};
		446A327D208CC28300689A4D = {
			isa = PBXGroup;
			children = (
				446A3288208CC28300689A4D /* InstaSearch */,
				446A3287208CC28300689A4D /* Products */,
				34C2297DA5D6338378A02C87 /* Pods */,
				2CB04A51CED069BC95C9599B /* Frameworks */,
			);
			sourceTree = "<group>";
		};
		446A3287208CC28300689A4D /* Products */ = {
			isa = PBXGroup;
			children = (
				446A3286208CC28300689A4D /* InstaSearch.app */,
			);
			name = Products;
			sourceTree = "<group>";
		};
		446A3288208CC28300689A4D /* InstaSearch */ = {
			isa = PBXGroup;
			children = (
				446A3289208CC28300689A4D /* AppDelegate.swift */,
				446A328B208CC28300689A4D /* ViewController.swift */,
				446A328D208CC28300689A4D /* Main.storyboard */,
				446A3290208CC28300689A4D /* Assets.xcassets */,
				446A3292208CC28300689A4D /* LaunchScreen.storyboard */,
				446A3295208CC28300689A4D /* Info.plist */,
			);
			path = InstaSearch;
			sourceTree = "<group>";
		};
/* End PBXGroup section */

/* Begin PBXNativeTarget section */
		446A3285208CC28300689A4D /* InstaSearch */ = {
			isa = PBXNativeTarget;
			buildConfigurationList = 446A3298208CC28300689A4D /* Build configuration list for PBXNativeTarget "InstaSearch" */;
			buildPhases = (
				57AF886FF95B567F1E2F3022 /* [CP] Check Pods Manifest.lock */,
				446A3282208CC28300689A4D /* Sources */,
				446A3283208CC28300689A4D /* Frameworks */,
				446A3284208CC28300689A4D /* Resources */,
				09648C30C2992C7D468EC9D9 /* [CP] Embed Pods Frameworks */,
				11B461E6783137137EED9ED5 /* [CP] Copy Pods Resources */,
			);
			buildRules = (
			);
			dependencies = (
			);
			name = InstaSearch;
			productName = InstaSearch;
			productReference = 446A3286208CC28300689A4D /* InstaSearch.app */;
			productType = "com.apple.product-type.application";
		};
/* End PBXNativeTarget section */

/* Begin PBXProject section */
		446A327E208CC28300689A4D /* Project object */ = {
			isa = PBXProject;
			attributes = {
				LastSwiftUpdateCheck = 0920;
				LastUpgradeCheck = 0920;
				ORGANIZATIONNAME = "Eugene K.";
				TargetAttributes = {
					446A3285208CC28300689A4D = {
						CreatedOnToolsVersion = 9.2;
						ProvisioningStyle = Automatic;
					};
				};
			};
			buildConfigurationList = 446A3281208CC28300689A4D /* Build configuration list for PBXProject "InstaSearch" */;
			compatibilityVersion = "Xcode 8.0";
			developmentRegion = en;
			hasScannedForEncodings = 0;
			knownRegions = (
				en,
				Base,
			);
			mainGroup = 446A327D208CC28300689A4D;
			productRefGroup = 446A3287208CC28300689A4D /* Products */;
			projectDirPath = "";
			projectRoot = "";
			targets = (
				446A3285208CC28300689A4D /* InstaSearch */,
			);
		};
/* End PBXProject section */

/* Begin PBXResourcesBuildPhase section */
		446A3284208CC28300689A4D /* Resources */ = {
			isa = PBXResourcesBuildPhase;
			buildActionMask = 2147483647;
			files = (
				446A3294208CC28300689A4D /* LaunchScreen.storyboard in Resources */,
				446A3291208CC28300689A4D /* Assets.xcassets in Resources */,
				446A328F208CC28300689A4D /* Main.storyboard in Resources */,
			);
			runOnlyForDeploymentPostprocessing = 0;
		};
/* End PBXResourcesBuildPhase section */

/* Begin PBXShellScriptBuildPhase section */
		09648C30C2992C7D468EC9D9 /* [CP] Embed Pods Frameworks */ = {
			isa = PBXShellScriptBuildPhase;
			buildActionMask = 2147483647;
			files = (
			);
			inputPaths = (
				"${SRCROOT}/Pods/Target Support Files/Pods-InstaSearch/Pods-InstaSearch-frameworks.sh",
				"${BUILT_PRODUCTS_DIR}/Alamofire/Alamofire.framework",
				"${BUILT_PRODUCTS_DIR}/ReactiveCocoa/ReactiveCocoa.framework",
				"${BUILT_PRODUCTS_DIR}/ReactiveSwift/ReactiveSwift.framework",
				"${BUILT_PRODUCTS_DIR}/Result/Result.framework",
				"${BUILT_PRODUCTS_DIR}/SnapKit/SnapKit.framework",
				"${BUILT_PRODUCTS_DIR}/Swinject/Swinject.framework",
			);
			name = "[CP] Embed Pods Frameworks";
			outputPaths = (
				"${TARGET_BUILD_DIR}/${FRAMEWORKS_FOLDER_PATH}/Alamofire.framework",
				"${TARGET_BUILD_DIR}/${FRAMEWORKS_FOLDER_PATH}/ReactiveCocoa.framework",
				"${TARGET_BUILD_DIR}/${FRAMEWORKS_FOLDER_PATH}/ReactiveSwift.framework",
				"${TARGET_BUILD_DIR}/${FRAMEWORKS_FOLDER_PATH}/Result.framework",
				"${TARGET_BUILD_DIR}/${FRAMEWORKS_FOLDER_PATH}/SnapKit.framework",
				"${TARGET_BUILD_DIR}/${FRAMEWORKS_FOLDER_PATH}/Swinject.framework",
			);
			runOnlyForDeploymentPostprocessing = 0;
			shellPath = /bin/sh;
			shellScript = "\"${SRCROOT}/Pods/Target Support Files/Pods-InstaSearch/Pods-InstaSearch-frameworks.sh\"\n";
			showEnvVarsInLog = 0;
		};
		11B461E6783137137EED9ED5 /* [CP] Copy Pods Resources */ = {
			isa = PBXShellScriptBuildPhase;
			buildActionMask = 2147483647;
			files = (
			);
			inputPaths = (
			);
			name = "[CP] Copy Pods Resources";
			outputPaths = (
			);
			runOnlyForDeploymentPostprocessing = 0;
			shellPath = /bin/sh;
			shellScript = "\"${SRCROOT}/Pods/Target Support Files/Pods-InstaSearch/Pods-InstaSearch-resources.sh\"\n";
			showEnvVarsInLog = 0;
		};
		57AF886FF95B567F1E2F3022 /* [CP] Check Pods Manifest.lock */ = {
			isa = PBXShellScriptBuildPhase;
			buildActionMask = 2147483647;
			files = (
			);
			inputPaths = (
				"${PODS_PODFILE_DIR_PATH}/Podfile.lock",
				"${PODS_ROOT}/Manifest.lock",
			);
			name = "[CP] Check Pods Manifest.lock";
			outputPaths = (
				"$(DERIVED_FILE_DIR)/Pods-InstaSearch-checkManifestLockResult.txt",
			);
			runOnlyForDeploymentPostprocessing = 0;
			shellPath = /bin/sh;
			shellScript = "diff \"${PODS_PODFILE_DIR_PATH}/Podfile.lock\" \"${PODS_ROOT}/Manifest.lock\" > /dev/null\nif [ $? != 0 ] ; then\n    # print error to STDERR\n    echo \"error: The sandbox is not in sync with the Podfile.lock. Run 'pod install' or update your CocoaPods installation.\" >&2\n    exit 1\nfi\n# This output is used by Xcode 'outputs' to avoid re-running this script phase.\necho \"SUCCESS\" > \"${SCRIPT_OUTPUT_FILE_0}\"\n";
			showEnvVarsInLog = 0;
		};
/* End PBXShellScriptBuildPhase section */

/* Begin PBXSourcesBuildPhase section */
		446A3282208CC28300689A4D /* Sources */ = {
			isa = PBXSourcesBuildPhase;
			buildActionMask = 2147483647;
			files = (
				446A328C208CC28300689A4D /* ViewController.swift in Sources */,
				446A328A208CC28300689A4D /* AppDelegate.swift in Sources */,
			);
			runOnlyForDeploymentPostprocessing = 0;
		};
/* End PBXSourcesBuildPhase section */

/* Begin PBXVariantGroup section */
		446A328D208CC28300689A4D /* Main.storyboard */ = {
			isa = PBXVariantGroup;
			children = (
				446A328E208CC28300689A4D /* Base */,
			);
			name = Main.storyboard;
			sourceTree = "<group>";
		};
		446A3292208CC28300689A4D /* LaunchScreen.storyboard */ = {
			isa = PBXVariantGroup;
			children = (
				446A3293208CC28300689A4D /* Base */,
			);
			name = LaunchScreen.storyboard;
			sourceTree = "<group>";
		};
/* End PBXVariantGroup section */

/* Begin XCBuildConfiguration section */
		446A3296208CC28300689A4D /* Debug */ = {
			isa = XCBuildConfiguration;
			buildSettings = {
				ALWAYS_SEARCH_USER_PATHS = NO;
				CLANG_ANALYZER_NONNULL = YES;
				CLANG_ANALYZER_NUMBER_OBJECT_CONVERSION = YES_AGGRESSIVE;
				CLANG_CXX_LANGUAGE_STANDARD = "gnu++14";
				CLANG_CXX_LIBRARY = "libc++";
				CLANG_ENABLE_MODULES = YES;
				CLANG_ENABLE_OBJC_ARC = YES;
				CLANG_WARN_BLOCK_CAPTURE_AUTORELEASING = YES;
				CLANG_WARN_BOOL_CONVERSION = YES;
				CLANG_WARN_COMMA = YES;
				CLANG_WARN_CONSTANT_CONVERSION = YES;
				CLANG_WARN_DIRECT_OBJC_ISA_USAGE = YES_ERROR;
				CLANG_WARN_DOCUMENTATION_COMMENTS = YES;
				CLANG_WARN_EMPTY_BODY = YES;
				CLANG_WARN_ENUM_CONVERSION = YES;
				CLANG_WARN_INFINITE_RECURSION = YES;
				CLANG_WARN_INT_CONVERSION = YES;
				CLANG_WARN_NON_LITERAL_NULL_CONVERSION = YES;
				CLANG_WARN_OBJC_LITERAL_CONVERSION = YES;
				CLANG_WARN_OBJC_ROOT_CLASS = YES_ERROR;
				CLANG_WARN_RANGE_LOOP_ANALYSIS = YES;
				CLANG_WARN_STRICT_PROTOTYPES = YES;
				CLANG_WARN_SUSPICIOUS_MOVE = YES;
				CLANG_WARN_UNGUARDED_AVAILABILITY = YES_AGGRESSIVE;
				CLANG_WARN_UNREACHABLE_CODE = YES;
				CLANG_WARN__DUPLICATE_METHOD_MATCH = YES;
				CODE_SIGN_IDENTITY = "iPhone Developer";
				COPY_PHASE_STRIP = NO;
				DEBUG_INFORMATION_FORMAT = dwarf;
				ENABLE_STRICT_OBJC_MSGSEND = YES;
				ENABLE_TESTABILITY = YES;
				GCC_C_LANGUAGE_STANDARD = gnu11;
				GCC_DYNAMIC_NO_PIC = NO;
				GCC_NO_COMMON_BLOCKS = YES;
				GCC_OPTIMIZATION_LEVEL = 0;
				GCC_PREPROCESSOR_DEFINITIONS = (
					"DEBUG=1",
					"$(inherited)",
				);
				GCC_WARN_64_TO_32_BIT_CONVERSION = YES;
				GCC_WARN_ABOUT_RETURN_TYPE = YES_ERROR;
				GCC_WARN_UNDECLARED_SELECTOR = YES;
				GCC_WARN_UNINITIALIZED_AUTOS = YES_AGGRESSIVE;
				GCC_WARN_UNUSED_FUNCTION = YES;
				GCC_WARN_UNUSED_VARIABLE = YES;
				IPHONEOS_DEPLOYMENT_TARGET = 11.2;
				MTL_ENABLE_DEBUG_INFO = YES;
				ONLY_ACTIVE_ARCH = YES;
				SDKROOT = iphoneos;
				SWIFT_ACTIVE_COMPILATION_CONDITIONS = DEBUG;
				SWIFT_OPTIMIZATION_LEVEL = "-Onone";
			};
			name = Debug;
		};
		446A3297208CC28300689A4D /* Release */ = {
			isa = XCBuildConfiguration;
			buildSettings = {
				ALWAYS_SEARCH_USER_PATHS = NO;
				CLANG_ANALYZER_NONNULL = YES;
				CLANG_ANALYZER_NUMBER_OBJECT_CONVERSION = YES_AGGRESSIVE;
				CLANG_CXX_LANGUAGE_STANDARD = "gnu++14";
				CLANG_CXX_LIBRARY = "libc++";
				CLANG_ENABLE_MODULES = YES;
				CLANG_ENABLE_OBJC_ARC = YES;
				CLANG_WARN_BLOCK_CAPTURE_AUTORELEASING = YES;
				CLANG_WARN_BOOL_CONVERSION = YES;
				CLANG_WARN_COMMA = YES;
				CLANG_WARN_CONSTANT_CONVERSION = YES;
				CLANG_WARN_DIRECT_OBJC_ISA_USAGE = YES_ERROR;
				CLANG_WARN_DOCUMENTATION_COMMENTS = YES;
				CLANG_WARN_EMPTY_BODY = YES;
				CLANG_WARN_ENUM_CONVERSION = YES;
				CLANG_WARN_INFINITE_RECURSION = YES;
				CLANG_WARN_INT_CONVERSION = YES;
				CLANG_WARN_NON_LITERAL_NULL_CONVERSION = YES;
				CLANG_WARN_OBJC_LITERAL_CONVERSION = YES;
				CLANG_WARN_OBJC_ROOT_CLASS = YES_ERROR;
				CLANG_WARN_RANGE_LOOP_ANALYSIS = YES;
				CLANG_WARN_STRICT_PROTOTYPES = YES;
				CLANG_WARN_SUSPICIOUS_MOVE = YES;
				CLANG_WARN_UNGUARDED_AVAILABILITY = YES_AGGRESSIVE;
				CLANG_WARN_UNREACHABLE_CODE = YES;
				CLANG_WARN__DUPLICATE_METHOD_MATCH = YES;
				CODE_SIGN_IDENTITY = "iPhone Developer";
				COPY_PHASE_STRIP = NO;
				DEBUG_INFORMATION_FORMAT = "dwarf-with-dsym";
				ENABLE_NS_ASSERTIONS = NO;
				ENABLE_STRICT_OBJC_MSGSEND = YES;
				GCC_C_LANGUAGE_STANDARD = gnu11;
				GCC_NO_COMMON_BLOCKS = YES;
				GCC_WARN_64_TO_32_BIT_CONVERSION = YES;
				GCC_WARN_ABOUT_RETURN_TYPE = YES_ERROR;
				GCC_WARN_UNDECLARED_SELECTOR = YES;
				GCC_WARN_UNINITIALIZED_AUTOS = YES_AGGRESSIVE;
				GCC_WARN_UNUSED_FUNCTION = YES;
				GCC_WARN_UNUSED_VARIABLE = YES;
				IPHONEOS_DEPLOYMENT_TARGET = 11.2;
				MTL_ENABLE_DEBUG_INFO = NO;
				SDKROOT = iphoneos;
				SWIFT_OPTIMIZATION_LEVEL = "-Owholemodule";
				VALIDATE_PRODUCT = YES;
			};
			name = Release;
		};
		446A3299208CC28300689A4D /* Debug */ = {
			isa = XCBuildConfiguration;
			baseConfigurationReference = EE45A3DF6EBE6A962AD169B5 /* Pods-InstaSearch.debug.xcconfig */;
			buildSettings = {
				ASSETCATALOG_COMPILER_APPICON_NAME = AppIcon;
				CODE_SIGN_STYLE = Automatic;
				INFOPLIST_FILE = InstaSearch/Info.plist;
				IPHONEOS_DEPLOYMENT_TARGET = 10.0;
				LD_RUNPATH_SEARCH_PATHS = "$(inherited) @executable_path/Frameworks";
				PRODUCT_BUNDLE_IDENTIFIER = eugene.InstaSearch;
				PRODUCT_NAME = "$(TARGET_NAME)";
				SWIFT_VERSION = 4.0;
				TARGETED_DEVICE_FAMILY = "1,2";
			};
			name = Debug;
		};
		446A329A208CC28300689A4D /* Release */ = {
			isa = XCBuildConfiguration;
			baseConfigurationReference = BB94D3E03D45A8CCE409FB96 /* Pods-InstaSearch.release.xcconfig */;
			buildSettings = {
				ASSETCATALOG_COMPILER_APPICON_NAME = AppIcon;
				CODE_SIGN_STYLE = Automatic;
				INFOPLIST_FILE = InstaSearch/Info.plist;
				IPHONEOS_DEPLOYMENT_TARGET = 10.0;
				LD_RUNPATH_SEARCH_PATHS = "$(inherited) @executable_path/Frameworks";
				PRODUCT_BUNDLE_IDENTIFIER = eugene.InstaSearch;
				PRODUCT_NAME = "$(TARGET_NAME)";
				SWIFT_VERSION = 4.0;
				TARGETED_DEVICE_FAMILY = "1,2";
			};
			name = Release;
		};
/* End XCBuildConfiguration section */

/* Begin XCConfigurationList section */
		446A3281208CC28300689A4D /* Build configuration list for PBXProject "InstaSearch" */ = {
			isa = XCConfigurationList;
			buildConfigurations = (
				446A3296208CC28300689A4D /* Debug */,
				446A3297208CC28300689A4D /* Release */,
			);
			defaultConfigurationIsVisible = 0;
			defaultConfigurationName = Release;
		};
		446A3298208CC28300689A4D /* Build configuration list for PBXNativeTarget "InstaSearch" */ = {
			isa = XCConfigurationList;
			buildConfigurations = (
				446A3299208CC28300689A4D /* Debug */,
				446A329A208CC28300689A4D /* Release */,
			);
			defaultConfigurationIsVisible = 0;
			defaultConfigurationName = Release;
		};
/* End XCConfigurationList section */
	};
	rootObject = 446A327E208CC28300689A4D /* Project object */;
}
