// !$*UTF8*$!
{
	archiveVersion = 1;
	classes = {
	};
	objectVersion = 48;
	objects = {

/* Begin PBXBuildFile section */
		4403A1E9208F4D0200F3E052 /* AuthorizationResponse.swift in Sources */ = {isa = PBXBuildFile; fileRef = 4403A1E8208F4D0200F3E052 /* AuthorizationResponse.swift */; };
		4403A1EB208F4EA100F3E052 /* User.swift in Sources */ = {isa = PBXBuildFile; fileRef = 4403A1EA208F4EA100F3E052 /* User.swift */; };
		443A7B09208FBCDD00313CD1 /* MediaCollectionRepository.swift in Sources */ = {isa = PBXBuildFile; fileRef = 443A7B08208FBCDD00313CD1 /* MediaCollectionRepository.swift */; };
		443A7B0B208FC35F00313CD1 /* MediaResponse.swift in Sources */ = {isa = PBXBuildFile; fileRef = 443A7B0A208FC35F00313CD1 /* MediaResponse.swift */; };
		443A7B0D208FC3B500313CD1 /* Pagination.swift in Sources */ = {isa = PBXBuildFile; fileRef = 443A7B0C208FC3B500313CD1 /* Pagination.swift */; };
		443A7B0F208FC55800313CD1 /* Media.swift in Sources */ = {isa = PBXBuildFile; fileRef = 443A7B0E208FC55800313CD1 /* Media.swift */; };
		443A7B11208FC65500313CD1 /* Images.swift in Sources */ = {isa = PBXBuildFile; fileRef = 443A7B10208FC65500313CD1 /* Images.swift */; };
		443A7B14208FC6DE00313CD1 /* Image.swift in Sources */ = {isa = PBXBuildFile; fileRef = 443A7B13208FC6DE00313CD1 /* Image.swift */; };
		443A7B16208FC86A00313CD1 /* Caption.swift in Sources */ = {isa = PBXBuildFile; fileRef = 443A7B15208FC86A00313CD1 /* Caption.swift */; };
		443A7B18208FCA3900313CD1 /* Likes.swift in Sources */ = {isa = PBXBuildFile; fileRef = 443A7B17208FCA3900313CD1 /* Likes.swift */; };
		443A7B1A208FCAC100313CD1 /* Comments.swift in Sources */ = {isa = PBXBuildFile; fileRef = 443A7B19208FCAC100313CD1 /* Comments.swift */; };
		446A328A208CC28300689A4D /* AppDelegate.swift in Sources */ = {isa = PBXBuildFile; fileRef = 446A3289208CC28300689A4D /* AppDelegate.swift */; };
		446A3291208CC28300689A4D /* Assets.xcassets in Resources */ = {isa = PBXBuildFile; fileRef = 446A3290208CC28300689A4D /* Assets.xcassets */; };
		446A32A4208CDF3600689A4D /* AppAssembly.swift in Sources */ = {isa = PBXBuildFile; fileRef = 446A32A3208CDF3600689A4D /* AppAssembly.swift */; };
		446A32A9208CDFBE00689A4D /* MVVMAssembly.swift in Sources */ = {isa = PBXBuildFile; fileRef = 446A32A8208CDFBE00689A4D /* MVVMAssembly.swift */; };
		446A32AB208CE20200689A4D /* CustomNavigationController.swift in Sources */ = {isa = PBXBuildFile; fileRef = 446A32AA208CE20200689A4D /* CustomNavigationController.swift */; };
		446A32AD208CE8CD00689A4D /* MediaCollectionViewController.swift in Sources */ = {isa = PBXBuildFile; fileRef = 446A32AC208CE8CD00689A4D /* MediaCollectionViewController.swift */; };
		446A32AF208CEC0500689A4D /* MediaCollectionAssembly.swift in Sources */ = {isa = PBXBuildFile; fileRef = 446A32AE208CEC0500689A4D /* MediaCollectionAssembly.swift */; };
		446A32B2208CF15A00689A4D /* MediaCollectionView.swift in Sources */ = {isa = PBXBuildFile; fileRef = 446A32B1208CF15A00689A4D /* MediaCollectionView.swift */; };
		446A32B4208CF41D00689A4D /* MediaCollectionViewModel.swift in Sources */ = {isa = PBXBuildFile; fileRef = 446A32B3208CF41D00689A4D /* MediaCollectionViewModel.swift */; };
		446A32D4208CF6AA00689A4D /* MVVMViewModel.swift in Sources */ = {isa = PBXBuildFile; fileRef = 446A32D3208CF6AA00689A4D /* MVVMViewModel.swift */; };
		446A32D6208CF75900689A4D /* MVVMViewController.swift in Sources */ = {isa = PBXBuildFile; fileRef = 446A32D5208CF75900689A4D /* MVVMViewController.swift */; };
		446A32DB208CFD5900689A4D /* SessionInterface.swift in Sources */ = {isa = PBXBuildFile; fileRef = 446A32DA208CFD5900689A4D /* SessionInterface.swift */; };
		446A32DD208CFD8A00689A4D /* NetworkManagerInterface.swift in Sources */ = {isa = PBXBuildFile; fileRef = 446A32DC208CFD8A00689A4D /* NetworkManagerInterface.swift */; };
		446A32DF208CFE0E00689A4D /* ConfigurationInterface.swift in Sources */ = {isa = PBXBuildFile; fileRef = 446A32DE208CFE0E00689A4D /* ConfigurationInterface.swift */; };
		446A32E1208CFED000689A4D /* Session.swift in Sources */ = {isa = PBXBuildFile; fileRef = 446A32E0208CFED000689A4D /* Session.swift */; };
		446A32E3208CFF0200689A4D /* NetworkManager.swift in Sources */ = {isa = PBXBuildFile; fileRef = 446A32E2208CFF0200689A4D /* NetworkManager.swift */; };
		446A32E5208CFF2B00689A4D /* Configuration.swift in Sources */ = {isa = PBXBuildFile; fileRef = 446A32E4208CFF2B00689A4D /* Configuration.swift */; };
		446A32E8208D009900689A4D /* Endpoints.swift in Sources */ = {isa = PBXBuildFile; fileRef = 446A32E7208D009900689A4D /* Endpoints.swift */; };
		446A32ED208D0D3800689A4D /* Utils.swift in Sources */ = {isa = PBXBuildFile; fileRef = 446A32EC208D0D3800689A4D /* Utils.swift */; };
		446A32F1208D0EF800689A4D /* ErrorResponse.swift in Sources */ = {isa = PBXBuildFile; fileRef = 446A32F0208D0EF800689A4D /* ErrorResponse.swift */; };
		446A32F4208D143D00689A4D /* InstagramAPIError.swift in Sources */ = {isa = PBXBuildFile; fileRef = 446A32F3208D143D00689A4D /* InstagramAPIError.swift */; };
		446A32F6208D146400689A4D /* NetworkError.swift in Sources */ = {isa = PBXBuildFile; fileRef = 446A32F5208D146400689A4D /* NetworkError.swift */; };
		446A32F9208D1B6500689A4D /* UIView+ActivityIndicator.swift in Sources */ = {isa = PBXBuildFile; fileRef = 446A32F8208D1B6500689A4D /* UIView+ActivityIndicator.swift */; };
		446A32FC208D26EC00689A4D /* LaunchScreen.storyboard in Resources */ = {isa = PBXBuildFile; fileRef = 446A32FA208D26EC00689A4D /* LaunchScreen.storyboard */; };
		446A32FE208D294200689A4D /* MVVMLifeCycleProtocol.swift in Sources */ = {isa = PBXBuildFile; fileRef = 446A32FD208D294200689A4D /* MVVMLifeCycleProtocol.swift */; };
		448DB992208E785F00B784F3 /* AuthorizationView.swift in Sources */ = {isa = PBXBuildFile; fileRef = 448DB991208E785F00B784F3 /* AuthorizationView.swift */; };
		448DB994208E787400B784F3 /* AuthorizationViewModel.swift in Sources */ = {isa = PBXBuildFile; fileRef = 448DB993208E787400B784F3 /* AuthorizationViewModel.swift */; };
		448DB996208E789000B784F3 /* AuthorizationViewController.swift in Sources */ = {isa = PBXBuildFile; fileRef = 448DB995208E789000B784F3 /* AuthorizationViewController.swift */; };
		448DB998208E78A700B784F3 /* AuthorizationAssembly.swift in Sources */ = {isa = PBXBuildFile; fileRef = 448DB997208E78A700B784F3 /* AuthorizationAssembly.swift */; };
		448DB99A208E82D900B784F3 /* UIBarButtonItem+NavigationBar.swift in Sources */ = {isa = PBXBuildFile; fileRef = 448DB999208E82D900B784F3 /* UIBarButtonItem+NavigationBar.swift */; };
		448DB99C208EA03400B784F3 /* AuthorizationRepository.swift in Sources */ = {isa = PBXBuildFile; fileRef = 448DB99B208EA03400B784F3 /* AuthorizationRepository.swift */; };
		44D6690F20918DCE006EF097 /* UserInfoResponse.swift in Sources */ = {isa = PBXBuildFile; fileRef = 44D6690E20918DCE006EF097 /* UserInfoResponse.swift */; };
		44D6691120919583006EF097 /* ErrorInfo.swift in Sources */ = {isa = PBXBuildFile; fileRef = 44D6691020919583006EF097 /* ErrorInfo.swift */; };
		E65CC75E053B2A18E5D130C6 /* Pods_InstaSearch.framework in Frameworks */ = {isa = PBXBuildFile; fileRef = 6941DF7069476B5214D1B3EE /* Pods_InstaSearch.framework */; };
/* End PBXBuildFile section */

/* Begin PBXFileReference section */
		4403A1E8208F4D0200F3E052 /* AuthorizationResponse.swift */ = {isa = PBXFileReference; lastKnownFileType = sourcecode.swift; path = AuthorizationResponse.swift; sourceTree = "<group>"; };
		4403A1EA208F4EA100F3E052 /* User.swift */ = {isa = PBXFileReference; lastKnownFileType = sourcecode.swift; path = User.swift; sourceTree = "<group>"; };
		443A7B08208FBCDD00313CD1 /* MediaCollectionRepository.swift */ = {isa = PBXFileReference; lastKnownFileType = sourcecode.swift; path = MediaCollectionRepository.swift; sourceTree = "<group>"; };
		443A7B0A208FC35F00313CD1 /* MediaResponse.swift */ = {isa = PBXFileReference; lastKnownFileType = sourcecode.swift; path = MediaResponse.swift; sourceTree = "<group>"; };
		443A7B0C208FC3B500313CD1 /* Pagination.swift */ = {isa = PBXFileReference; lastKnownFileType = sourcecode.swift; path = Pagination.swift; sourceTree = "<group>"; };
		443A7B0E208FC55800313CD1 /* Media.swift */ = {isa = PBXFileReference; lastKnownFileType = sourcecode.swift; path = Media.swift; sourceTree = "<group>"; };
		443A7B10208FC65500313CD1 /* Images.swift */ = {isa = PBXFileReference; lastKnownFileType = sourcecode.swift; path = Images.swift; sourceTree = "<group>"; };
		443A7B13208FC6DE00313CD1 /* Image.swift */ = {isa = PBXFileReference; lastKnownFileType = sourcecode.swift; path = Image.swift; sourceTree = "<group>"; };
		443A7B15208FC86A00313CD1 /* Caption.swift */ = {isa = PBXFileReference; lastKnownFileType = sourcecode.swift; path = Caption.swift; sourceTree = "<group>"; };
		443A7B17208FCA3900313CD1 /* Likes.swift */ = {isa = PBXFileReference; lastKnownFileType = sourcecode.swift; path = Likes.swift; sourceTree = "<group>"; };
		443A7B19208FCAC100313CD1 /* Comments.swift */ = {isa = PBXFileReference; lastKnownFileType = sourcecode.swift; path = Comments.swift; sourceTree = "<group>"; };
		446A3286208CC28300689A4D /* InstaSearch.app */ = {isa = PBXFileReference; explicitFileType = wrapper.application; includeInIndex = 0; path = InstaSearch.app; sourceTree = BUILT_PRODUCTS_DIR; };
		446A3289208CC28300689A4D /* AppDelegate.swift */ = {isa = PBXFileReference; lastKnownFileType = sourcecode.swift; path = AppDelegate.swift; sourceTree = "<group>"; };
		446A3290208CC28300689A4D /* Assets.xcassets */ = {isa = PBXFileReference; lastKnownFileType = folder.assetcatalog; path = Assets.xcassets; sourceTree = "<group>"; };
		446A3295208CC28300689A4D /* Info.plist */ = {isa = PBXFileReference; lastKnownFileType = text.plist.xml; path = Info.plist; sourceTree = "<group>"; };
		446A32A3208CDF3600689A4D /* AppAssembly.swift */ = {isa = PBXFileReference; indentWidth = 4; lastKnownFileType = sourcecode.swift; path = AppAssembly.swift; sourceTree = "<group>"; tabWidth = 4; };
		446A32A8208CDFBE00689A4D /* MVVMAssembly.swift */ = {isa = PBXFileReference; lastKnownFileType = sourcecode.swift; path = MVVMAssembly.swift; sourceTree = "<group>"; };
		446A32AA208CE20200689A4D /* CustomNavigationController.swift */ = {isa = PBXFileReference; lastKnownFileType = sourcecode.swift; path = CustomNavigationController.swift; sourceTree = "<group>"; };
		446A32AC208CE8CD00689A4D /* MediaCollectionViewController.swift */ = {isa = PBXFileReference; lastKnownFileType = sourcecode.swift; path = MediaCollectionViewController.swift; sourceTree = "<group>"; };
		446A32AE208CEC0500689A4D /* MediaCollectionAssembly.swift */ = {isa = PBXFileReference; lastKnownFileType = sourcecode.swift; path = MediaCollectionAssembly.swift; sourceTree = "<group>"; };
		446A32B1208CF15A00689A4D /* MediaCollectionView.swift */ = {isa = PBXFileReference; lastKnownFileType = sourcecode.swift; path = MediaCollectionView.swift; sourceTree = "<group>"; };
		446A32B3208CF41D00689A4D /* MediaCollectionViewModel.swift */ = {isa = PBXFileReference; lastKnownFileType = sourcecode.swift; path = MediaCollectionViewModel.swift; sourceTree = "<group>"; };
		446A32D3208CF6AA00689A4D /* MVVMViewModel.swift */ = {isa = PBXFileReference; lastKnownFileType = sourcecode.swift; path = MVVMViewModel.swift; sourceTree = "<group>"; };
		446A32D5208CF75900689A4D /* MVVMViewController.swift */ = {isa = PBXFileReference; lastKnownFileType = sourcecode.swift; path = MVVMViewController.swift; sourceTree = "<group>"; };
		446A32DA208CFD5900689A4D /* SessionInterface.swift */ = {isa = PBXFileReference; lastKnownFileType = sourcecode.swift; path = SessionInterface.swift; sourceTree = "<group>"; };
		446A32DC208CFD8A00689A4D /* NetworkManagerInterface.swift */ = {isa = PBXFileReference; lastKnownFileType = sourcecode.swift; path = NetworkManagerInterface.swift; sourceTree = "<group>"; };
		446A32DE208CFE0E00689A4D /* ConfigurationInterface.swift */ = {isa = PBXFileReference; lastKnownFileType = sourcecode.swift; path = ConfigurationInterface.swift; sourceTree = "<group>"; };
		446A32E0208CFED000689A4D /* Session.swift */ = {isa = PBXFileReference; lastKnownFileType = sourcecode.swift; path = Session.swift; sourceTree = "<group>"; };
		446A32E2208CFF0200689A4D /* NetworkManager.swift */ = {isa = PBXFileReference; lastKnownFileType = sourcecode.swift; path = NetworkManager.swift; sourceTree = "<group>"; };
		446A32E4208CFF2B00689A4D /* Configuration.swift */ = {isa = PBXFileReference; lastKnownFileType = sourcecode.swift; path = Configuration.swift; sourceTree = "<group>"; };
		446A32E7208D009900689A4D /* Endpoints.swift */ = {isa = PBXFileReference; lastKnownFileType = sourcecode.swift; path = Endpoints.swift; sourceTree = "<group>"; };
		446A32EC208D0D3800689A4D /* Utils.swift */ = {isa = PBXFileReference; lastKnownFileType = sourcecode.swift; path = Utils.swift; sourceTree = "<group>"; };
		446A32F0208D0EF800689A4D /* ErrorResponse.swift */ = {isa = PBXFileReference; lastKnownFileType = sourcecode.swift; path = ErrorResponse.swift; sourceTree = "<group>"; };
		446A32F3208D143D00689A4D /* InstagramAPIError.swift */ = {isa = PBXFileReference; lastKnownFileType = sourcecode.swift; path = InstagramAPIError.swift; sourceTree = "<group>"; };
		446A32F5208D146400689A4D /* NetworkError.swift */ = {isa = PBXFileReference; lastKnownFileType = sourcecode.swift; path = NetworkError.swift; sourceTree = "<group>"; };
		446A32F8208D1B6500689A4D /* UIView+ActivityIndicator.swift */ = {isa = PBXFileReference; lastKnownFileType = sourcecode.swift; path = "UIView+ActivityIndicator.swift"; sourceTree = "<group>"; };
		446A32FB208D26EC00689A4D /* Base */ = {isa = PBXFileReference; lastKnownFileType = file.storyboard; name = Base; path = Base.lproj/LaunchScreen.storyboard; sourceTree = "<group>"; };
		446A32FD208D294200689A4D /* MVVMLifeCycleProtocol.swift */ = {isa = PBXFileReference; lastKnownFileType = sourcecode.swift; path = MVVMLifeCycleProtocol.swift; sourceTree = "<group>"; };
		448DB991208E785F00B784F3 /* AuthorizationView.swift */ = {isa = PBXFileReference; lastKnownFileType = sourcecode.swift; path = AuthorizationView.swift; sourceTree = "<group>"; };
		448DB993208E787400B784F3 /* AuthorizationViewModel.swift */ = {isa = PBXFileReference; lastKnownFileType = sourcecode.swift; path = AuthorizationViewModel.swift; sourceTree = "<group>"; };
		448DB995208E789000B784F3 /* AuthorizationViewController.swift */ = {isa = PBXFileReference; lastKnownFileType = sourcecode.swift; path = AuthorizationViewController.swift; sourceTree = "<group>"; };
		448DB997208E78A700B784F3 /* AuthorizationAssembly.swift */ = {isa = PBXFileReference; lastKnownFileType = sourcecode.swift; path = AuthorizationAssembly.swift; sourceTree = "<group>"; };
		448DB999208E82D900B784F3 /* UIBarButtonItem+NavigationBar.swift */ = {isa = PBXFileReference; lastKnownFileType = sourcecode.swift; path = "UIBarButtonItem+NavigationBar.swift"; sourceTree = "<group>"; };
		448DB99B208EA03400B784F3 /* AuthorizationRepository.swift */ = {isa = PBXFileReference; lastKnownFileType = sourcecode.swift; path = AuthorizationRepository.swift; sourceTree = "<group>"; };
		44D6690E20918DCE006EF097 /* UserInfoResponse.swift */ = {isa = PBXFileReference; lastKnownFileType = sourcecode.swift; path = UserInfoResponse.swift; sourceTree = "<group>"; };
		44D6691020919583006EF097 /* ErrorInfo.swift */ = {isa = PBXFileReference; lastKnownFileType = sourcecode.swift; path = ErrorInfo.swift; sourceTree = "<group>"; };
		6941DF7069476B5214D1B3EE /* Pods_InstaSearch.framework */ = {isa = PBXFileReference; explicitFileType = wrapper.framework; includeInIndex = 0; path = Pods_InstaSearch.framework; sourceTree = BUILT_PRODUCTS_DIR; };
		BB94D3E03D45A8CCE409FB96 /* Pods-InstaSearch.release.xcconfig */ = {isa = PBXFileReference; includeInIndex = 1; lastKnownFileType = text.xcconfig; name = "Pods-InstaSearch.release.xcconfig"; path = "Pods/Target Support Files/Pods-InstaSearch/Pods-InstaSearch.release.xcconfig"; sourceTree = "<group>"; };
		EE45A3DF6EBE6A962AD169B5 /* Pods-InstaSearch.debug.xcconfig */ = {isa = PBXFileReference; includeInIndex = 1; lastKnownFileType = text.xcconfig; name = "Pods-InstaSearch.debug.xcconfig"; path = "Pods/Target Support Files/Pods-InstaSearch/Pods-InstaSearch.debug.xcconfig"; sourceTree = "<group>"; };
/* End PBXFileReference section */

/* Begin PBXFrameworksBuildPhase section */
		446A3283208CC28300689A4D /* Frameworks */ = {
			isa = PBXFrameworksBuildPhase;
			buildActionMask = 2147483647;
			files = (
				E65CC75E053B2A18E5D130C6 /* Pods_InstaSearch.framework in Frameworks */,
			);
			runOnlyForDeploymentPostprocessing = 0;
		};
/* End PBXFrameworksBuildPhase section */

/* Begin PBXGroup section */
		2CB04A51CED069BC95C9599B /* Frameworks */ = {
			isa = PBXGroup;
			children = (
				6941DF7069476B5214D1B3EE /* Pods_InstaSearch.framework */,
			);
			name = Frameworks;
			sourceTree = "<group>";
		};
		34C2297DA5D6338378A02C87 /* Pods */ = {
			isa = PBXGroup;
			children = (
				EE45A3DF6EBE6A962AD169B5 /* Pods-InstaSearch.debug.xcconfig */,
				BB94D3E03D45A8CCE409FB96 /* Pods-InstaSearch.release.xcconfig */,
			);
			name = Pods;
			sourceTree = "<group>";
		};
		446A327D208CC28300689A4D = {
			isa = PBXGroup;
			children = (
				446A3288208CC28300689A4D /* InstaSearch */,
				446A3287208CC28300689A4D /* Products */,
				34C2297DA5D6338378A02C87 /* Pods */,
				2CB04A51CED069BC95C9599B /* Frameworks */,
			);
			sourceTree = "<group>";
		};
		446A3287208CC28300689A4D /* Products */ = {
			isa = PBXGroup;
			children = (
				446A3286208CC28300689A4D /* InstaSearch.app */,
			);
			name = Products;
			sourceTree = "<group>";
		};
		446A3288208CC28300689A4D /* InstaSearch */ = {
			isa = PBXGroup;
			children = (
				446A32A1208CDB9500689A4D /* CoreLayer */,
				446A32A2208CDBB100689A4D /* ApplicationLayer */,
				446A329B208CD92100689A4D /* SupportingFiles */,
				446A3289208CC28300689A4D /* AppDelegate.swift */,
				446A32A3208CDF3600689A4D /* AppAssembly.swift */,
				446A32AA208CE20200689A4D /* CustomNavigationController.swift */,
				446A3290208CC28300689A4D /* Assets.xcassets */,
				446A32FA208D26EC00689A4D /* LaunchScreen.storyboard */,
			);
			path = InstaSearch;
			sourceTree = "<group>";
		};
		446A329B208CD92100689A4D /* SupportingFiles */ = {
			isa = PBXGroup;
			children = (
				446A3295208CC28300689A4D /* Info.plist */,
			);
			name = SupportingFiles;
			sourceTree = "<group>";
		};
		446A32A1208CDB9500689A4D /* CoreLayer */ = {
			isa = PBXGroup;
			children = (
				446A32E9208D0BFD00689A4D /* Utils */,
				446A32A6208CDF8F00689A4D /* Base */,
				446A32EE208D0E7300689A4D /* Models */,
				446A32D7208CFCED00689A4D /* Services */,
				446A32E6208D007500689A4D /* Constants */,
			);
			path = CoreLayer;
			sourceTree = "<group>";
		};
		446A32A2208CDBB100689A4D /* ApplicationLayer */ = {
			isa = PBXGroup;
			children = (
				448DB990208E77BC00B784F3 /* Authorization */,
				446A32B0208CF0A900689A4D /* MediaCollection */,
			);
			path = ApplicationLayer;
			sourceTree = "<group>";
		};
		446A32A6208CDF8F00689A4D /* Base */ = {
			isa = PBXGroup;
			children = (
				446A32A7208CDFA000689A4D /* MVVM */,
			);
			path = Base;
			sourceTree = "<group>";
		};
		446A32A7208CDFA000689A4D /* MVVM */ = {
			isa = PBXGroup;
			children = (
				446A32A8208CDFBE00689A4D /* MVVMAssembly.swift */,
				446A32D3208CF6AA00689A4D /* MVVMViewModel.swift */,
				446A32D5208CF75900689A4D /* MVVMViewController.swift */,
				446A32FD208D294200689A4D /* MVVMLifeCycleProtocol.swift */,
			);
			path = MVVM;
			sourceTree = "<group>";
		};
		446A32B0208CF0A900689A4D /* MediaCollection */ = {
			isa = PBXGroup;
			children = (
				446A32B1208CF15A00689A4D /* MediaCollectionView.swift */,
				446A32B3208CF41D00689A4D /* MediaCollectionViewModel.swift */,
				446A32AC208CE8CD00689A4D /* MediaCollectionViewController.swift */,
				443A7B08208FBCDD00313CD1 /* MediaCollectionRepository.swift */,
				446A32AE208CEC0500689A4D /* MediaCollectionAssembly.swift */,
			);
			path = MediaCollection;
			sourceTree = "<group>";
		};
		446A32D7208CFCED00689A4D /* Services */ = {
			isa = PBXGroup;
			children = (
				446A32D8208CFD0900689A4D /* Interfaces */,
				446A32D9208CFD1500689A4D /* Implementations */,
			);
			path = Services;
			sourceTree = "<group>";
		};
		446A32D8208CFD0900689A4D /* Interfaces */ = {
			isa = PBXGroup;
			children = (
				446A32DA208CFD5900689A4D /* SessionInterface.swift */,
				446A32DC208CFD8A00689A4D /* NetworkManagerInterface.swift */,
				446A32DE208CFE0E00689A4D /* ConfigurationInterface.swift */,
			);
			path = Interfaces;
			sourceTree = "<group>";
		};
		446A32D9208CFD1500689A4D /* Implementations */ = {
			isa = PBXGroup;
			children = (
				446A32F2208D142000689A4D /* Errors */,
				446A32E0208CFED000689A4D /* Session.swift */,
				446A32E2208CFF0200689A4D /* NetworkManager.swift */,
				446A32E4208CFF2B00689A4D /* Configuration.swift */,
			);
			path = Implementations;
			sourceTree = "<group>";
		};
		446A32E6208D007500689A4D /* Constants */ = {
			isa = PBXGroup;
			children = (
				446A32E7208D009900689A4D /* Endpoints.swift */,
			);
			path = Constants;
			sourceTree = "<group>";
		};
		446A32E9208D0BFD00689A4D /* Utils */ = {
			isa = PBXGroup;
			children = (
				446A32F7208D1AF300689A4D /* Extensions */,
				446A32EC208D0D3800689A4D /* Utils.swift */,
			);
			path = Utils;
			sourceTree = "<group>";
		};
		446A32EE208D0E7300689A4D /* Models */ = {
			isa = PBXGroup;
			children = (
				446A32EF208D0EE000689A4D /* Responces */,
				44D6691020919583006EF097 /* ErrorInfo.swift */,
				4403A1EA208F4EA100F3E052 /* User.swift */,
				443A7B0C208FC3B500313CD1 /* Pagination.swift */,
				443A7B0E208FC55800313CD1 /* Media.swift */,
				443A7B10208FC65500313CD1 /* Images.swift */,
				443A7B13208FC6DE00313CD1 /* Image.swift */,
				443A7B15208FC86A00313CD1 /* Caption.swift */,
				443A7B17208FCA3900313CD1 /* Likes.swift */,
				443A7B19208FCAC100313CD1 /* Comments.swift */,
			);
			path = Models;
			sourceTree = "<group>";
		};
		446A32EF208D0EE000689A4D /* Responces */ = {
			isa = PBXGroup;
			children = (
				446A32F0208D0EF800689A4D /* ErrorResponse.swift */,
				4403A1E8208F4D0200F3E052 /* AuthorizationResponse.swift */,
				443A7B0A208FC35F00313CD1 /* MediaResponse.swift */,
				44D6690E20918DCE006EF097 /* UserInfoResponse.swift */,
			);
			path = Responces;
			sourceTree = "<group>";
		};
		446A32F2208D142000689A4D /* Errors */ = {
			isa = PBXGroup;
			children = (
				446A32F3208D143D00689A4D /* InstagramAPIError.swift */,
				446A32F5208D146400689A4D /* NetworkError.swift */,
			);
			path = Errors;
			sourceTree = "<group>";
		};
		446A32F7208D1AF300689A4D /* Extensions */ = {
			isa = PBXGroup;
			children = (
				446A32F8208D1B6500689A4D /* UIView+ActivityIndicator.swift */,
				448DB999208E82D900B784F3 /* UIBarButtonItem+NavigationBar.swift */,
			);
			path = Extensions;
			sourceTree = "<group>";
		};
		448DB990208E77BC00B784F3 /* Authorization */ = {
			isa = PBXGroup;
			children = (
				448DB991208E785F00B784F3 /* AuthorizationView.swift */,
				448DB993208E787400B784F3 /* AuthorizationViewModel.swift */,
				448DB995208E789000B784F3 /* AuthorizationViewController.swift */,
				448DB99B208EA03400B784F3 /* AuthorizationRepository.swift */,
				448DB997208E78A700B784F3 /* AuthorizationAssembly.swift */,
			);
			path = Authorization;
			sourceTree = "<group>";
		};
/* End PBXGroup section */

/* Begin PBXNativeTarget section */
		446A3285208CC28300689A4D /* InstaSearch */ = {
			isa = PBXNativeTarget;
			buildConfigurationList = 446A3298208CC28300689A4D /* Build configuration list for PBXNativeTarget "InstaSearch" */;
			buildPhases = (
				57AF886FF95B567F1E2F3022 /* [CP] Check Pods Manifest.lock */,
				446A3282208CC28300689A4D /* Sources */,
				446A3283208CC28300689A4D /* Frameworks */,
				446A3284208CC28300689A4D /* Resources */,
				09648C30C2992C7D468EC9D9 /* [CP] Embed Pods Frameworks */,
				11B461E6783137137EED9ED5 /* [CP] Copy Pods Resources */,
				44AEF5BF2095E1E500AF5FAD /* [SL] Run Script */,
			);
			buildRules = (
			);
			dependencies = (
			);
			name = InstaSearch;
			productName = InstaSearch;
			productReference = 446A3286208CC28300689A4D /* InstaSearch.app */;
			productType = "com.apple.product-type.application";
		};
/* End PBXNativeTarget section */

/* Begin PBXProject section */
		446A327E208CC28300689A4D /* Project object */ = {
			isa = PBXProject;
			attributes = {
				LastSwiftUpdateCheck = 0920;
				LastUpgradeCheck = 0920;
				ORGANIZATIONNAME = "Eugene K.";
				TargetAttributes = {
					446A3285208CC28300689A4D = {
						CreatedOnToolsVersion = 9.2;
						ProvisioningStyle = Automatic;
					};
				};
			};
			buildConfigurationList = 446A3281208CC28300689A4D /* Build configuration list for PBXProject "InstaSearch" */;
			compatibilityVersion = "Xcode 8.0";
			developmentRegion = en;
			hasScannedForEncodings = 0;
			knownRegions = (
				en,
				Base,
			);
			mainGroup = 446A327D208CC28300689A4D;
			productRefGroup = 446A3287208CC28300689A4D /* Products */;
			projectDirPath = "";
			projectRoot = "";
			targets = (
				446A3285208CC28300689A4D /* InstaSearch */,
			);
		};
/* End PBXProject section */

/* Begin PBXResourcesBuildPhase section */
		446A3284208CC28300689A4D /* Resources */ = {
			isa = PBXResourcesBuildPhase;
			buildActionMask = 2147483647;
			files = (
				446A3291208CC28300689A4D /* Assets.xcassets in Resources */,
				446A32FC208D26EC00689A4D /* LaunchScreen.storyboard in Resources */,
			);
			runOnlyForDeploymentPostprocessing = 0;
		};
/* End PBXResourcesBuildPhase section */

/* Begin PBXShellScriptBuildPhase section */
		09648C30C2992C7D468EC9D9 /* [CP] Embed Pods Frameworks */ = {
			isa = PBXShellScriptBuildPhase;
			buildActionMask = 2147483647;
			files = (
			);
			inputPaths = (
				"${SRCROOT}/Pods/Target Support Files/Pods-InstaSearch/Pods-InstaSearch-frameworks.sh",
				"${BUILT_PRODUCTS_DIR}/Alamofire/Alamofire.framework",
				"${BUILT_PRODUCTS_DIR}/ReactiveCocoa/ReactiveCocoa.framework",
				"${BUILT_PRODUCTS_DIR}/ReactiveSwift/ReactiveSwift.framework",
				"${BUILT_PRODUCTS_DIR}/Result/Result.framework",
				"${BUILT_PRODUCTS_DIR}/SnapKit/SnapKit.framework",
				"${BUILT_PRODUCTS_DIR}/SwiftDate/SwiftDate.framework",
				"${BUILT_PRODUCTS_DIR}/Swinject/Swinject.framework",
			);
			name = "[CP] Embed Pods Frameworks";
			outputPaths = (
				"${TARGET_BUILD_DIR}/${FRAMEWORKS_FOLDER_PATH}/Alamofire.framework",
				"${TARGET_BUILD_DIR}/${FRAMEWORKS_FOLDER_PATH}/ReactiveCocoa.framework",
				"${TARGET_BUILD_DIR}/${FRAMEWORKS_FOLDER_PATH}/ReactiveSwift.framework",
				"${TARGET_BUILD_DIR}/${FRAMEWORKS_FOLDER_PATH}/Result.framework",
				"${TARGET_BUILD_DIR}/${FRAMEWORKS_FOLDER_PATH}/SnapKit.framework",
				"${TARGET_BUILD_DIR}/${FRAMEWORKS_FOLDER_PATH}/SwiftDate.framework",
				"${TARGET_BUILD_DIR}/${FRAMEWORKS_FOLDER_PATH}/Swinject.framework",
			);
			runOnlyForDeploymentPostprocessing = 0;
			shellPath = /bin/sh;
			shellScript = "\"${SRCROOT}/Pods/Target Support Files/Pods-InstaSearch/Pods-InstaSearch-frameworks.sh\"\n";
			showEnvVarsInLog = 0;
		};
		11B461E6783137137EED9ED5 /* [CP] Copy Pods Resources */ = {
			isa = PBXShellScriptBuildPhase;
			buildActionMask = 2147483647;
			files = (
			);
			inputPaths = (
			);
			name = "[CP] Copy Pods Resources";
			outputPaths = (
			);
			runOnlyForDeploymentPostprocessing = 0;
			shellPath = /bin/sh;
			shellScript = "\"${SRCROOT}/Pods/Target Support Files/Pods-InstaSearch/Pods-InstaSearch-resources.sh\"\n";
			showEnvVarsInLog = 0;
		};
		44AEF5BF2095E1E500AF5FAD /* [SL] Run Script */ = {
			isa = PBXShellScriptBuildPhase;
			buildActionMask = 2147483647;
			files = (
			);
			inputPaths = (
			);
			name = "[SL] Run Script";
			outputPaths = (
			);
			runOnlyForDeploymentPostprocessing = 0;
			shellPath = /bin/sh;
			shellScript = "if which \"${PODS_ROOT}/SwiftLint/swiftlint\" >/dev/null; then\n  \"${PODS_ROOT}/SwiftLint/swiftlint\"\nelse\n  echo \"warning: SwiftLint not installed, download from https://github.com/realm/SwiftLint\"\nfi";
		};
		57AF886FF95B567F1E2F3022 /* [CP] Check Pods Manifest.lock */ = {
			isa = PBXShellScriptBuildPhase;
			buildActionMask = 2147483647;
			files = (
			);
			inputPaths = (
				"${PODS_PODFILE_DIR_PATH}/Podfile.lock",
				"${PODS_ROOT}/Manifest.lock",
			);
			name = "[CP] Check Pods Manifest.lock";
			outputPaths = (
				"$(DERIVED_FILE_DIR)/Pods-InstaSearch-checkManifestLockResult.txt",
			);
			runOnlyForDeploymentPostprocessing = 0;
			shellPath = /bin/sh;
			shellScript = "diff \"${PODS_PODFILE_DIR_PATH}/Podfile.lock\" \"${PODS_ROOT}/Manifest.lock\" > /dev/null\nif [ $? != 0 ] ; then\n    # print error to STDERR\n    echo \"error: The sandbox is not in sync with the Podfile.lock. Run 'pod install' or update your CocoaPods installation.\" >&2\n    exit 1\nfi\n# This output is used by Xcode 'outputs' to avoid re-running this script phase.\necho \"SUCCESS\" > \"${SCRIPT_OUTPUT_FILE_0}\"\n";
			showEnvVarsInLog = 0;
		};
/* End PBXShellScriptBuildPhase section */

/* Begin PBXSourcesBuildPhase section */
		446A3282208CC28300689A4D /* Sources */ = {
			isa = PBXSourcesBuildPhase;
			buildActionMask = 2147483647;
			files = (
				4403A1E9208F4D0200F3E052 /* AuthorizationResponse.swift in Sources */,
				446A32E1208CFED000689A4D /* Session.swift in Sources */,
				443A7B16208FC86A00313CD1 /* Caption.swift in Sources */,
				446A32DF208CFE0E00689A4D /* ConfigurationInterface.swift in Sources */,
				443A7B18208FCA3900313CD1 /* Likes.swift in Sources */,
				443A7B0D208FC3B500313CD1 /* Pagination.swift in Sources */,
				446A32E8208D009900689A4D /* Endpoints.swift in Sources */,
				4403A1EB208F4EA100F3E052 /* User.swift in Sources */,
				443A7B0B208FC35F00313CD1 /* MediaResponse.swift in Sources */,
				448DB99C208EA03400B784F3 /* AuthorizationRepository.swift in Sources */,
				443A7B09208FBCDD00313CD1 /* MediaCollectionRepository.swift in Sources */,
				443A7B0F208FC55800313CD1 /* Media.swift in Sources */,
				446A32B2208CF15A00689A4D /* MediaCollectionView.swift in Sources */,
				446A32D4208CF6AA00689A4D /* MVVMViewModel.swift in Sources */,
				446A32B4208CF41D00689A4D /* MediaCollectionViewModel.swift in Sources */,
				443A7B11208FC65500313CD1 /* Images.swift in Sources */,
				44D6691120919583006EF097 /* ErrorInfo.swift in Sources */,
				446A32AB208CE20200689A4D /* CustomNavigationController.swift in Sources */,
				44D6690F20918DCE006EF097 /* UserInfoResponse.swift in Sources */,
				446A32E5208CFF2B00689A4D /* Configuration.swift in Sources */,
				448DB99A208E82D900B784F3 /* UIBarButtonItem+NavigationBar.swift in Sources */,
				446A32AF208CEC0500689A4D /* MediaCollectionAssembly.swift in Sources */,
				446A32FE208D294200689A4D /* MVVMLifeCycleProtocol.swift in Sources */,
				446A32F6208D146400689A4D /* NetworkError.swift in Sources */,
				446A32DB208CFD5900689A4D /* SessionInterface.swift in Sources */,
				446A32DD208CFD8A00689A4D /* NetworkManagerInterface.swift in Sources */,
				446A32A9208CDFBE00689A4D /* MVVMAssembly.swift in Sources */,
				448DB994208E787400B784F3 /* AuthorizationViewModel.swift in Sources */,
				448DB992208E785F00B784F3 /* AuthorizationView.swift in Sources */,
				446A32F9208D1B6500689A4D /* UIView+ActivityIndicator.swift in Sources */,
				446A32D6208CF75900689A4D /* MVVMViewController.swift in Sources */,
				448DB996208E789000B784F3 /* AuthorizationViewController.swift in Sources */,
				446A32AD208CE8CD00689A4D /* MediaCollectionViewController.swift in Sources */,
				443A7B1A208FCAC100313CD1 /* Comments.swift in Sources */,
				446A32F1208D0EF800689A4D /* ErrorResponse.swift in Sources */,
				448DB998208E78A700B784F3 /* AuthorizationAssembly.swift in Sources */,
				443A7B14208FC6DE00313CD1 /* Image.swift in Sources */,
				446A32E3208CFF0200689A4D /* NetworkManager.swift in Sources */,
				446A328A208CC28300689A4D /* AppDelegate.swift in Sources */,
				446A32ED208D0D3800689A4D /* Utils.swift in Sources */,
				446A32A4208CDF3600689A4D /* AppAssembly.swift in Sources */,
				446A32F4208D143D00689A4D /* InstagramAPIError.swift in Sources */,
			);
			runOnlyForDeploymentPostprocessing = 0;
		};
/* End PBXSourcesBuildPhase section */

/* Begin PBXVariantGroup section */
		446A32FA208D26EC00689A4D /* LaunchScreen.storyboard */ = {
			isa = PBXVariantGroup;
			children = (
				446A32FB208D26EC00689A4D /* Base */,
			);
			name = LaunchScreen.storyboard;
			sourceTree = "<group>";
		};
/* End PBXVariantGroup section */

/* Begin XCBuildConfiguration section */
		446A3296208CC28300689A4D /* Debug */ = {
			isa = XCBuildConfiguration;
			buildSettings = {
				ALWAYS_SEARCH_USER_PATHS = NO;
				CLANG_ANALYZER_NONNULL = YES;
				CLANG_ANALYZER_NUMBER_OBJECT_CONVERSION = YES_AGGRESSIVE;
				CLANG_CXX_LANGUAGE_STANDARD = "gnu++14";
				CLANG_CXX_LIBRARY = "libc++";
				CLANG_ENABLE_MODULES = YES;
				CLANG_ENABLE_OBJC_ARC = YES;
				CLANG_WARN_BLOCK_CAPTURE_AUTORELEASING = YES;
				CLANG_WARN_BOOL_CONVERSION = YES;
				CLANG_WARN_COMMA = YES;
				CLANG_WARN_CONSTANT_CONVERSION = YES;
				CLANG_WARN_DIRECT_OBJC_ISA_USAGE = YES_ERROR;
				CLANG_WARN_DOCUMENTATION_COMMENTS = YES;
				CLANG_WARN_EMPTY_BODY = YES;
				CLANG_WARN_ENUM_CONVERSION = YES;
				CLANG_WARN_INFINITE_RECURSION = YES;
				CLANG_WARN_INT_CONVERSION = YES;
				CLANG_WARN_NON_LITERAL_NULL_CONVERSION = YES;
				CLANG_WARN_OBJC_LITERAL_CONVERSION = YES;
				CLANG_WARN_OBJC_ROOT_CLASS = YES_ERROR;
				CLANG_WARN_RANGE_LOOP_ANALYSIS = YES;
				CLANG_WARN_STRICT_PROTOTYPES = YES;
				CLANG_WARN_SUSPICIOUS_MOVE = YES;
				CLANG_WARN_UNGUARDED_AVAILABILITY = YES_AGGRESSIVE;
				CLANG_WARN_UNREACHABLE_CODE = YES;
				CLANG_WARN__DUPLICATE_METHOD_MATCH = YES;
				CODE_SIGN_IDENTITY = "iPhone Developer";
				COPY_PHASE_STRIP = NO;
				DEBUG_INFORMATION_FORMAT = dwarf;
				ENABLE_STRICT_OBJC_MSGSEND = YES;
				ENABLE_TESTABILITY = YES;
				GCC_C_LANGUAGE_STANDARD = gnu11;
				GCC_DYNAMIC_NO_PIC = NO;
				GCC_NO_COMMON_BLOCKS = YES;
				GCC_OPTIMIZATION_LEVEL = 0;
				GCC_PREPROCESSOR_DEFINITIONS = (
					"DEBUG=1",
					"$(inherited)",
				);
				GCC_WARN_64_TO_32_BIT_CONVERSION = YES;
				GCC_WARN_ABOUT_RETURN_TYPE = YES_ERROR;
				GCC_WARN_UNDECLARED_SELECTOR = YES;
				GCC_WARN_UNINITIALIZED_AUTOS = YES_AGGRESSIVE;
				GCC_WARN_UNUSED_FUNCTION = YES;
				GCC_WARN_UNUSED_VARIABLE = YES;
				IPHONEOS_DEPLOYMENT_TARGET = 11.2;
				MTL_ENABLE_DEBUG_INFO = YES;
				ONLY_ACTIVE_ARCH = YES;
				SDKROOT = iphoneos;
				SWIFT_ACTIVE_COMPILATION_CONDITIONS = DEBUG;
				SWIFT_OPTIMIZATION_LEVEL = "-Onone";
			};
			name = Debug;
		};
		446A3297208CC28300689A4D /* Release */ = {
			isa = XCBuildConfiguration;
			buildSettings = {
				ALWAYS_SEARCH_USER_PATHS = NO;
				CLANG_ANALYZER_NONNULL = YES;
				CLANG_ANALYZER_NUMBER_OBJECT_CONVERSION = YES_AGGRESSIVE;
				CLANG_CXX_LANGUAGE_STANDARD = "gnu++14";
				CLANG_CXX_LIBRARY = "libc++";
				CLANG_ENABLE_MODULES = YES;
				CLANG_ENABLE_OBJC_ARC = YES;
				CLANG_WARN_BLOCK_CAPTURE_AUTORELEASING = YES;
				CLANG_WARN_BOOL_CONVERSION = YES;
				CLANG_WARN_COMMA = YES;
				CLANG_WARN_CONSTANT_CONVERSION = YES;
				CLANG_WARN_DIRECT_OBJC_ISA_USAGE = YES_ERROR;
				CLANG_WARN_DOCUMENTATION_COMMENTS = YES;
				CLANG_WARN_EMPTY_BODY = YES;
				CLANG_WARN_ENUM_CONVERSION = YES;
				CLANG_WARN_INFINITE_RECURSION = YES;
				CLANG_WARN_INT_CONVERSION = YES;
				CLANG_WARN_NON_LITERAL_NULL_CONVERSION = YES;
				CLANG_WARN_OBJC_LITERAL_CONVERSION = YES;
				CLANG_WARN_OBJC_ROOT_CLASS = YES_ERROR;
				CLANG_WARN_RANGE_LOOP_ANALYSIS = YES;
				CLANG_WARN_STRICT_PROTOTYPES = YES;
				CLANG_WARN_SUSPICIOUS_MOVE = YES;
				CLANG_WARN_UNGUARDED_AVAILABILITY = YES_AGGRESSIVE;
				CLANG_WARN_UNREACHABLE_CODE = YES;
				CLANG_WARN__DUPLICATE_METHOD_MATCH = YES;
				CODE_SIGN_IDENTITY = "iPhone Developer";
				COPY_PHASE_STRIP = NO;
				DEBUG_INFORMATION_FORMAT = "dwarf-with-dsym";
				ENABLE_NS_ASSERTIONS = NO;
				ENABLE_STRICT_OBJC_MSGSEND = YES;
				GCC_C_LANGUAGE_STANDARD = gnu11;
				GCC_NO_COMMON_BLOCKS = YES;
				GCC_WARN_64_TO_32_BIT_CONVERSION = YES;
				GCC_WARN_ABOUT_RETURN_TYPE = YES_ERROR;
				GCC_WARN_UNDECLARED_SELECTOR = YES;
				GCC_WARN_UNINITIALIZED_AUTOS = YES_AGGRESSIVE;
				GCC_WARN_UNUSED_FUNCTION = YES;
				GCC_WARN_UNUSED_VARIABLE = YES;
				IPHONEOS_DEPLOYMENT_TARGET = 11.2;
				MTL_ENABLE_DEBUG_INFO = NO;
				SDKROOT = iphoneos;
				SWIFT_OPTIMIZATION_LEVEL = "-Owholemodule";
				VALIDATE_PRODUCT = YES;
			};
			name = Release;
		};
		446A3299208CC28300689A4D /* Debug */ = {
			isa = XCBuildConfiguration;
			baseConfigurationReference = EE45A3DF6EBE6A962AD169B5 /* Pods-InstaSearch.debug.xcconfig */;
			buildSettings = {
				ASSETCATALOG_COMPILER_APPICON_NAME = AppIcon;
				CODE_SIGN_STYLE = Automatic;
				DEVELOPMENT_TEAM = FRQ3E857HE;
				INFOPLIST_FILE = InstaSearch/Info.plist;
				IPHONEOS_DEPLOYMENT_TARGET = 10.0;
				IS_API_URL = "https://api.instagram.com";
				IS_INSTA_CLIENT_ID = 5181f217305d45519e98ea6099e31d99;
				IS_INSTA_REDIRECT_URL = "http://yourcallback.com/";
				LD_RUNPATH_SEARCH_PATHS = "$(inherited) @executable_path/Frameworks";
				PRODUCT_BUNDLE_IDENTIFIER = eugene.InstaSearch;
				PRODUCT_NAME = "$(TARGET_NAME)";
				SWIFT_VERSION = 4.0;
				TARGETED_DEVICE_FAMILY = "1,2";
			};
			name = Debug;
		};
		446A329A208CC28300689A4D /* Release */ = {
			isa = XCBuildConfiguration;
			baseConfigurationReference = BB94D3E03D45A8CCE409FB96 /* Pods-InstaSearch.release.xcconfig */;
			buildSettings = {
				ASSETCATALOG_COMPILER_APPICON_NAME = AppIcon;
				CODE_SIGN_STYLE = Automatic;
				DEVELOPMENT_TEAM = FRQ3E857HE;
				INFOPLIST_FILE = InstaSearch/Info.plist;
				IPHONEOS_DEPLOYMENT_TARGET = 10.0;
				IS_API_URL = "https://api.instagram.com";
				IS_INSTA_CLIENT_ID = 5181f217305d45519e98ea6099e31d99;
				IS_INSTA_REDIRECT_URL = "http://yourcallback.com/";
				LD_RUNPATH_SEARCH_PATHS = "$(inherited) @executable_path/Frameworks";
				PRODUCT_BUNDLE_IDENTIFIER = eugene.InstaSearch;
				PRODUCT_NAME = "$(TARGET_NAME)";
				SWIFT_VERSION = 4.0;
				TARGETED_DEVICE_FAMILY = "1,2";
			};
			name = Release;
		};
/* End XCBuildConfiguration section */

/* Begin XCConfigurationList section */
		446A3281208CC28300689A4D /* Build configuration list for PBXProject "InstaSearch" */ = {
			isa = XCConfigurationList;
			buildConfigurations = (
				446A3296208CC28300689A4D /* Debug */,
				446A3297208CC28300689A4D /* Release */,
			);
			defaultConfigurationIsVisible = 0;
			defaultConfigurationName = Release;
		};
		446A3298208CC28300689A4D /* Build configuration list for PBXNativeTarget "InstaSearch" */ = {
			isa = XCConfigurationList;
			buildConfigurations = (
				446A3299208CC28300689A4D /* Debug */,
				446A329A208CC28300689A4D /* Release */,
			);
			defaultConfigurationIsVisible = 0;
			defaultConfigurationName = Release;
		};
/* End XCConfigurationList section */
	};
	rootObject = 446A327E208CC28300689A4D /* Project object */;
}
